
Microsoft Visual Studio Solution File, Format Version 12.00
# Visual Studio Version 16
VisualStudioVersion = 16.0.29424.173
MinimumVisualStudioVersion = 10.0.40219.1
Project("{FAE04EC0-301F-11D3-BF4B-00C04F79EFBC}") = "HiQPdf_Demo", "HiQPdf_Demo\HiQPdf_Demo.csproj", "{308D8EA7-E679-41A7-9B75-D58BB0A8D612}"
EndProject
Global
	GlobalSection(SolutionConfigurationPlatforms) = preSolution
		Debug|Any CPU = Debug|Any CPU
		Release|Any CPU = Release|Any CPU
	EndGlobalSection
	GlobalSection(ProjectConfigurationPlatforms) = postSolution
		{308D8EA7-E679-41A7-9B75-D58BB0A8D612}.Debug|Any CPU.ActiveCfg = Debug|Any CPU
		{308D8EA7-E679-41A7-9B75-D58BB0A8D612}.Debug|Any CPU.Build.0 = Debug|Any CPU
		{308D8EA7-E679-41A7-9B75-D58BB0A8D612}.Release|Any CPU.ActiveCfg = Release|Any CPU
		{308D8EA7-E679-41A7-9B75-D58BB0A8D612}.Release|Any CPU.Build.0 = Release|Any CPU
	EndGlobalSection
	GlobalSection(SolutionProperties) = preSolution
		HideSolutionNode = FALSE
	EndGlobalSection
	GlobalSection(ExtensibilityGlobals) = postSolution
		SolutionGuid = {1487C9CE-5EB6-41CC-8BE1-FD822DB2F88A}
	EndGlobalSection
EndGlobal
